
Microsoft Visual Studio Solution File, Format Version 12.00
# Visual Studio Version 16
VisualStudioVersion = 16.0.31129.286
MinimumVisualStudioVersion = 10.0.40219.1
Project("{FAE04EC0-301F-11D3-BF4B-00C04F79EFBC}") = "Propitize", "Propitize.csproj", "{D3D97C60-4CB3-4489-BC4F-3D31C0085E39}"
EndProject
Global
	GlobalSection(SolutionConfigurationPlatforms) = preSolution
		Debug|Any CPU = Debug|Any CPU
		Release|Any CPU = Release|Any CPU
	EndGlobalSection
	GlobalSection(ProjectConfigurationPlatforms) = postSolution
		{D3D97C60-4CB3-4489-BC4F-3D31C0085E39}.Debug|Any CPU.ActiveCfg = Debug|Any CPU
		{D3D97C60-4CB3-4489-BC4F-3D31C0085E39}.Debug|Any CPU.Build.0 = Debug|Any CPU
		{D3D97C60-4CB3-4489-BC4F-3D31C0085E39}.Release|Any CPU.ActiveCfg = Release|Any CPU
		{D3D97C60-4CB3-4489-BC4F-3D31C0085E39}.Release|Any CPU.Build.0 = Release|Any CPU
	EndGlobalSection
	GlobalSection(SolutionProperties) = preSolution
		HideSolutionNode = FALSE
	EndGlobalSection
	GlobalSection(ExtensibilityGlobals) = postSolution
		SolutionGuid = {DD5091E4-FA06-4513-B99C-11EBC71A0382}
	EndGlobalSection
EndGlobal
